<Solution>
  <Folder Name="/Sample/">
    <Project Path="B.Unified.Payment.AlipaySample/B.Unified.Payment.AlipaySample.csproj" />
    <Project Path="B.Unified.Payment.WeixinSample/B.Unified.Payment.WeixinSample.csproj" />
  </Folder>
  <Project Path="B.Unified.Payment.Abstract/B.Unified.Payment.Abstract.csproj" />
  <Project Path="B.Unified.Payment.Alipay/B.Unified.Payment.Alipay.csproj" />
  <Project Path="B.Unified.Payment.Weixin/B.Unified.Payment.Weixin.csproj" />
</Solution>